
Microsoft Visual Studio Solution File, Format Version 12.00
# Visual Studio Version 17
VisualStudioVersion = 17.4.33205.214
MinimumVisualStudioVersion = 10.0.40219.1
Project("{FAE04EC0-301F-11D3-BF4B-00C04F79EFBC}") = "DeferredAndImmediateExcutionInLINQ", "DeferredAndImmediateExcutionInLINQ\DeferredAndImmediateExcutionInLINQ.csproj", "{21A0FDEA-420A-4881-97A3-97C4A3136989}"
EndProject
Global
	GlobalSection(SolutionConfigurationPlatforms) = preSolution
		Debug|Any CPU = Debug|Any CPU
		Release|Any CPU = Release|Any CPU
	EndGlobalSection
	GlobalSection(ProjectConfigurationPlatforms) = postSolution
		{21A0FDEA-420A-4881-97A3-97C4A3136989}.Debug|Any CPU.ActiveCfg = Debug|Any CPU
		{21A0FDEA-420A-4881-97A3-97C4A3136989}.Debug|Any CPU.Build.0 = Debug|Any CPU
		{21A0FDEA-420A-4881-97A3-97C4A3136989}.Release|Any CPU.ActiveCfg = Release|Any CPU
		{21A0FDEA-420A-4881-97A3-97C4A3136989}.Release|Any CPU.Build.0 = Release|Any CPU
	EndGlobalSection
	GlobalSection(SolutionProperties) = preSolution
		HideSolutionNode = FALSE
	EndGlobalSection
	GlobalSection(ExtensibilityGlobals) = postSolution
		SolutionGuid = {358C0E81-2FFD-4D09-B7FF-5E56676C9814}
	EndGlobalSection
EndGlobal
